
Microsoft Visual Studio Solution File, Format Version 12.00
# Visual Studio Version 17
VisualStudioVersion = 17.5.002.0
MinimumVisualStudioVersion = 10.0.40219.1
Project("{9A19103F-16F7-4668-BE54-9A1E7A4F7556}") = "FirstWebMVC", "FirstWebMVC\FirstWebMVC.csproj", "{2328A32E-9D94-4DAD-AD82-55510AA21411}"
EndProject
Project("{9A19103F-16F7-4668-BE54-9A1E7A4F7556}") = "NewApp", "NewApp\NewApp.csproj", "{867D9D1E-EF5B-4A07-8910-626A3AEB2827}"
EndProject
Global
	GlobalSection(SolutionConfigurationPlatforms) = preSolution
		Debug|Any CPU = Debug|Any CPU
		Release|Any CPU = Release|Any CPU
	EndGlobalSection
	GlobalSection(ProjectConfigurationPlatforms) = postSolution
		{2328A32E-9D94-4DAD-AD82-55510AA21411}.Debug|Any CPU.ActiveCfg = Debug|Any CPU
		{2328A32E-9D94-4DAD-AD82-55510AA21411}.Debug|Any CPU.Build.0 = Debug|Any CPU
		{2328A32E-9D94-4DAD-AD82-55510AA21411}.Release|Any CPU.ActiveCfg = Release|Any CPU
		{2328A32E-9D94-4DAD-AD82-55510AA21411}.Release|Any CPU.Build.0 = Release|Any CPU
		{867D9D1E-EF5B-4A07-8910-626A3AEB2827}.Debug|Any CPU.ActiveCfg = Debug|Any CPU
		{867D9D1E-EF5B-4A07-8910-626A3AEB2827}.Debug|Any CPU.Build.0 = Debug|Any CPU
		{867D9D1E-EF5B-4A07-8910-626A3AEB2827}.Release|Any CPU.ActiveCfg = Release|Any CPU
		{867D9D1E-EF5B-4A07-8910-626A3AEB2827}.Release|Any CPU.Build.0 = Release|Any CPU
	EndGlobalSection
	GlobalSection(SolutionProperties) = preSolution
		HideSolutionNode = FALSE
	EndGlobalSection
	GlobalSection(ExtensibilityGlobals) = postSolution
		SolutionGuid = {17AD58E3-67E0-4A4E-B042-2DC1E0F248B2}
	EndGlobalSection
EndGlobal
